
Microsoft Visual Studio Solution File, Format Version 12.00
# Visual Studio 14
VisualStudioVersion = 14.0.25123.0
MinimumVisualStudioVersion = 10.0.40219.1
Project("{FAE04EC0-301F-11D3-BF4B-00C04F79EFBC}") = "tweetupdater", "tweetupdater\tweetupdater.csproj", "{1940AE68-5D84-4A53-AB5E-33E31F951FF0}"
EndProject
Project("{FAE04EC0-301F-11D3-BF4B-00C04F79EFBC}") = "MyFan_API", "MyFan_API\MyFan_API.csproj", "{99B9185C-6F5F-41B6-95C1-10F750944A27}"
EndProject
Project("{FAE04EC0-301F-11D3-BF4B-00C04F79EFBC}") = "MyFan_API.Tests", "MyFan_API.Tests\MyFan_API.Tests.csproj", "{586D9504-22AA-4008-9DDD-A9FEDDB22D2A}"
EndProject
Project("{FAE04EC0-301F-11D3-BF4B-00C04F79EFBC}") = "MyFest_API", "MyFest_API\MyFest_API.csproj", "{258F1AF7-AD51-4E8E-9B93-859FD4BF71D6}"
EndProject
Project("{FAE04EC0-301F-11D3-BF4B-00C04F79EFBC}") = "MyFest_API.Tests", "MyFest_API.Tests\MyFest_API.Tests.csproj", "{D951AD14-47B6-4448-8B0B-0B004075FB6B}"
EndProject
Project("{FAE04EC0-301F-11D3-BF4B-00C04F79EFBC}") = "MyFan_Webapp", "MyFan_Webapp\MyFan_Webapp.csproj", "{A1C655A1-4E3C-4B7B-ABE0-94739CEF665B}"
EndProject
Project("{FAE04EC0-301F-11D3-BF4B-00C04F79EFBC}") = "MyFan_Webapp.Tests", "MyFan_Webapp.Tests\MyFan_Webapp.Tests.csproj", "{71853A6A-11BA-4CC6-B3C0-AEDB73608EDA}"
EndProject
Project("{FAE04EC0-301F-11D3-BF4B-00C04F79EFBC}") = "DataAccess", "AccesoDatos\DataAccess.csproj", "{82E8B34E-0B70-4244-A14F-E1315E0C0317}"
EndProject
Project("{FAE04EC0-301F-11D3-BF4B-00C04F79EFBC}") = "DTO", "ODT\DTO.csproj", "{C80A7542-8DB4-440C-B61E-D0DE3D702060}"
EndProject
Project("{FAE04EC0-301F-11D3-BF4B-00C04F79EFBC}") = "BusinessLogic", "LogicaNegocios\BusinessLogic.csproj", "{818F0AD3-54A2-4EA2-BD3D-6C0693E07DDF}"
EndProject
Global
	GlobalSection(SolutionConfigurationPlatforms) = preSolution
		Debug|Any CPU = Debug|Any CPU
		Release|Any CPU = Release|Any CPU
	EndGlobalSection
	GlobalSection(ProjectConfigurationPlatforms) = postSolution
		{1940AE68-5D84-4A53-AB5E-33E31F951FF0}.Debug|Any CPU.ActiveCfg = Debug|Any CPU
		{1940AE68-5D84-4A53-AB5E-33E31F951FF0}.Debug|Any CPU.Build.0 = Debug|Any CPU
		{1940AE68-5D84-4A53-AB5E-33E31F951FF0}.Release|Any CPU.ActiveCfg = Release|Any CPU
		{1940AE68-5D84-4A53-AB5E-33E31F951FF0}.Release|Any CPU.Build.0 = Release|Any CPU
		{99B9185C-6F5F-41B6-95C1-10F750944A27}.Debug|Any CPU.ActiveCfg = Debug|Any CPU
		{99B9185C-6F5F-41B6-95C1-10F750944A27}.Debug|Any CPU.Build.0 = Debug|Any CPU
		{99B9185C-6F5F-41B6-95C1-10F750944A27}.Release|Any CPU.ActiveCfg = Release|Any CPU
		{99B9185C-6F5F-41B6-95C1-10F750944A27}.Release|Any CPU.Build.0 = Release|Any CPU
		{586D9504-22AA-4008-9DDD-A9FEDDB22D2A}.Debug|Any CPU.ActiveCfg = Debug|Any CPU
		{586D9504-22AA-4008-9DDD-A9FEDDB22D2A}.Debug|Any CPU.Build.0 = Debug|Any CPU
		{586D9504-22AA-4008-9DDD-A9FEDDB22D2A}.Release|Any CPU.ActiveCfg = Release|Any CPU
		{586D9504-22AA-4008-9DDD-A9FEDDB22D2A}.Release|Any CPU.Build.0 = Release|Any CPU
		{258F1AF7-AD51-4E8E-9B93-859FD4BF71D6}.Debug|Any CPU.ActiveCfg = Debug|Any CPU
		{258F1AF7-AD51-4E8E-9B93-859FD4BF71D6}.Debug|Any CPU.Build.0 = Debug|Any CPU
		{258F1AF7-AD51-4E8E-9B93-859FD4BF71D6}.Release|Any CPU.ActiveCfg = Release|Any CPU
		{258F1AF7-AD51-4E8E-9B93-859FD4BF71D6}.Release|Any CPU.Build.0 = Release|Any CPU
		{D951AD14-47B6-4448-8B0B-0B004075FB6B}.Debug|Any CPU.ActiveCfg = Debug|Any CPU
		{D951AD14-47B6-4448-8B0B-0B004075FB6B}.Debug|Any CPU.Build.0 = Debug|Any CPU
		{D951AD14-47B6-4448-8B0B-0B004075FB6B}.Release|Any CPU.ActiveCfg = Release|Any CPU
		{D951AD14-47B6-4448-8B0B-0B004075FB6B}.Release|Any CPU.Build.0 = Release|Any CPU
		{A1C655A1-4E3C-4B7B-ABE0-94739CEF665B}.Debug|Any CPU.ActiveCfg = Debug|Any CPU
		{A1C655A1-4E3C-4B7B-ABE0-94739CEF665B}.Debug|Any CPU.Build.0 = Debug|Any CPU
		{A1C655A1-4E3C-4B7B-ABE0-94739CEF665B}.Release|Any CPU.ActiveCfg = Release|Any CPU
		{A1C655A1-4E3C-4B7B-ABE0-94739CEF665B}.Release|Any CPU.Build.0 = Release|Any CPU
		{71853A6A-11BA-4CC6-B3C0-AEDB73608EDA}.Debug|Any CPU.ActiveCfg = Debug|Any CPU
		{71853A6A-11BA-4CC6-B3C0-AEDB73608EDA}.Debug|Any CPU.Build.0 = Debug|Any CPU
		{71853A6A-11BA-4CC6-B3C0-AEDB73608EDA}.Release|Any CPU.ActiveCfg = Release|Any CPU
		{71853A6A-11BA-4CC6-B3C0-AEDB73608EDA}.Release|Any CPU.Build.0 = Release|Any CPU
		{82E8B34E-0B70-4244-A14F-E1315E0C0317}.Debug|Any CPU.ActiveCfg = Debug|Any CPU
		{82E8B34E-0B70-4244-A14F-E1315E0C0317}.Debug|Any CPU.Build.0 = Debug|Any CPU
		{82E8B34E-0B70-4244-A14F-E1315E0C0317}.Release|Any CPU.ActiveCfg = Release|Any CPU
		{82E8B34E-0B70-4244-A14F-E1315E0C0317}.Release|Any CPU.Build.0 = Release|Any CPU
		{C80A7542-8DB4-440C-B61E-D0DE3D702060}.Debug|Any CPU.ActiveCfg = Debug|Any CPU
		{C80A7542-8DB4-440C-B61E-D0DE3D702060}.Debug|Any CPU.Build.0 = Debug|Any CPU
		{C80A7542-8DB4-440C-B61E-D0DE3D702060}.Release|Any CPU.ActiveCfg = Release|Any CPU
		{C80A7542-8DB4-440C-B61E-D0DE3D702060}.Release|Any CPU.Build.0 = Release|Any CPU
		{818F0AD3-54A2-4EA2-BD3D-6C0693E07DDF}.Debug|Any CPU.ActiveCfg = Debug|Any CPU
		{818F0AD3-54A2-4EA2-BD3D-6C0693E07DDF}.Debug|Any CPU.Build.0 = Debug|Any CPU
		{818F0AD3-54A2-4EA2-BD3D-6C0693E07DDF}.Release|Any CPU.ActiveCfg = Release|Any CPU
		{818F0AD3-54A2-4EA2-BD3D-6C0693E07DDF}.Release|Any CPU.Build.0 = Release|Any CPU
	EndGlobalSection
	GlobalSection(SolutionProperties) = preSolution
		HideSolutionNode = FALSE
	EndGlobalSection
EndGlobal
